
Microsoft Visual Studio Solution File, Format Version 9.00
# Visual Studio 2005
Project("{FAE04EC0-301F-11D3-BF4B-00C04F79EFBC}") = "Net", "Net.csproj", "{7AB36CCF-5FFD-4780-A54E-A102ECA028B5}"
EndProject
Project("{FAE04EC0-301F-11D3-BF4B-00C04F79EFBC}") = "RSAMiceli", "SMTP\rsa csharp\RSACryptoPad\RSAMiceli\RSAMiceli\RSAMiceli.csproj", "{7A02CB6C-DD63-4311-BF67-4FEE9FD45715}"
EndProject
Global
	GlobalSection(SolutionConfigurationPlatforms) = preSolution
		Debug|Any CPU = Debug|Any CPU
		Release|Any CPU = Release|Any CPU
	EndGlobalSection
	GlobalSection(ProjectConfigurationPlatforms) = postSolution
		{7AB36CCF-5FFD-4780-A54E-A102ECA028B5}.Debug|Any CPU.ActiveCfg = Debug|Any CPU
		{7AB36CCF-5FFD-4780-A54E-A102ECA028B5}.Debug|Any CPU.Build.0 = Debug|Any CPU
		{7AB36CCF-5FFD-4780-A54E-A102ECA028B5}.Release|Any CPU.ActiveCfg = Release|Any CPU
		{7AB36CCF-5FFD-4780-A54E-A102ECA028B5}.Release|Any CPU.Build.0 = Release|Any CPU
		{7A02CB6C-DD63-4311-BF67-4FEE9FD45715}.Debug|Any CPU.ActiveCfg = Debug|Any CPU
		{7A02CB6C-DD63-4311-BF67-4FEE9FD45715}.Debug|Any CPU.Build.0 = Debug|Any CPU
		{7A02CB6C-DD63-4311-BF67-4FEE9FD45715}.Release|Any CPU.ActiveCfg = Release|Any CPU
		{7A02CB6C-DD63-4311-BF67-4FEE9FD45715}.Release|Any CPU.Build.0 = Release|Any CPU
	EndGlobalSection
	GlobalSection(SolutionProperties) = preSolution
		HideSolutionNode = FALSE
	EndGlobalSection
EndGlobal
